// !$*UTF8*$!
{
	archiveVersion = 1;
	classes = {
	};
	objectVersion = 46;
	objects = {

/* Begin PBXBuildFile section */
		281843531DFF39E8004F7657 /* AppDelegate.swift in Sources */ = {isa = PBXBuildFile; fileRef = 281843521DFF39E8004F7657 /* AppDelegate.swift */; };
		281843551DFF39E8004F7657 /* ViewController.swift in Sources */ = {isa = PBXBuildFile; fileRef = 281843541DFF39E8004F7657 /* ViewController.swift */; };
		281843581DFF39E8004F7657 /* Main.storyboard in Resources */ = {isa = PBXBuildFile; fileRef = 281843561DFF39E8004F7657 /* Main.storyboard */; };
		2818435A1DFF39E8004F7657 /* Assets.xcassets in Resources */ = {isa = PBXBuildFile; fileRef = 281843591DFF39E8004F7657 /* Assets.xcassets */; };
		2818435D1DFF39E8004F7657 /* LaunchScreen.storyboard in Resources */ = {isa = PBXBuildFile; fileRef = 2818435B1DFF39E8004F7657 /* LaunchScreen.storyboard */; };
/* End PBXBuildFile section */

/* Begin PBXFileReference section */
		2818434F1DFF39E7004F7657 /* Permanent Data Storage.app */ = {isa = PBXFileReference; explicitFileType = wrapper.application; includeInIndex = 0; path = "Permanent Data Storage.app"; sourceTree = BUILT_PRODUCTS_DIR; };
		281843521DFF39E8004F7657 /* AppDelegate.swift */ = {isa = PBXFileReference; lastKnownFileType = sourcecode.swift; path = AppDelegate.swift; sourceTree = "<group>"; };
		281843541DFF39E8004F7657 /* ViewController.swift */ = {isa = PBXFileReference; lastKnownFileType = sourcecode.swift; path = ViewController.swift; sourceTree = "<group>"; };
		281843571DFF39E8004F7657 /* Base */ = {isa = PBXFileReference; lastKnownFileType = file.storyboard; name = Base; path = Base.lproj/Main.storyboard; sourceTree = "<group>"; };
		281843591DFF39E8004F7657 /* Assets.xcassets */ = {isa = PBXFileReference; lastKnownFileType = folder.assetcatalog; path = Assets.xcassets; sourceTree = "<group>"; };
		2818435C1DFF39E8004F7657 /* Base */ = {isa = PBXFileReference; lastKnownFileType = file.storyboard; name = Base; path = Base.lproj/LaunchScreen.storyboard; sourceTree = "<group>"; };
		2818435E1DFF39E8004F7657 /* Info.plist */ = {isa = PBXFileReference; lastKnownFileType = text.plist.xml; path = Info.plist; sourceTree = "<group>"; };
/* End PBXFileReference section */

/* Begin PBXFrameworksBuildPhase section */
		2818434C1DFF39E7004F7657 /* Frameworks */ = {
			isa = PBXFrameworksBuildPhase;
			buildActionMask = 2147483647;
			files = (
			);
			runOnlyForDeploymentPostprocessing = 0;
		};
/* End PBXFrameworksBuildPhase section */

/* Begin PBXGroup section */
		281843461DFF39E7004F7657 = {
			isa = PBXGroup;
			children = (
				281843511DFF39E7004F7657 /* Permanent Data Storage */,
				281843501DFF39E7004F7657 /* Products */,
			);
			sourceTree = "<group>";
		};
		281843501DFF39E7004F7657 /* Products */ = {
			isa = PBXGroup;
			children = (
				2818434F1DFF39E7004F7657 /* Permanent Data Storage.app */,
			);
			name = Products;
			sourceTree = "<group>";
		};
		281843511DFF39E7004F7657 /* Permanent Data Storage */ = {
			isa = PBXGroup;
			children = (
				281843521DFF39E8004F7657 /* AppDelegate.swift */,
				281843541DFF39E8004F7657 /* ViewController.swift */,
				281843561DFF39E8004F7657 /* Main.storyboard */,
				281843591DFF39E8004F7657 /* Assets.xcassets */,
				2818435B1DFF39E8004F7657 /* LaunchScreen.storyboard */,
				2818435E1DFF39E8004F7657 /* Info.plist */,
			);
			path = "Permanent Data Storage";
			sourceTree = "<group>";
		};
/* End PBXGroup section */

/* Begin PBXNativeTarget section */
		2818434E1DFF39E7004F7657 /* Permanent Data Storage */ = {
			isa = PBXNativeTarget;
			buildConfigurationList = 281843611DFF39E8004F7657 /* Build configuration list for PBXNativeTarget "Permanent Data Storage" */;
			buildPhases = (
				2818434B1DFF39E7004F7657 /* Sources */,
				2818434C1DFF39E7004F7657 /* Frameworks */,
				2818434D1DFF39E7004F7657 /* Resources */,
			);
			buildRules = (
			);
			dependencies = (
			);
			name = "Permanent Data Storage";
			productName = "Permanent Data Storage";
			productReference = 2818434F1DFF39E7004F7657 /* Permanent Data Storage.app */;
			productType = "com.apple.product-type.application";
		};
/* End PBXNativeTarget section */

/* Begin PBXProject section */
		281843471DFF39E7004F7657 /* Project object */ = {
			isa = PBXProject;
			attributes = {
				LastSwiftUpdateCheck = 0810;
				LastUpgradeCheck = 0810;
				ORGANIZATIONNAME = Constantin;
				TargetAttributes = {
					2818434E1DFF39E7004F7657 = {
						CreatedOnToolsVersion = 8.1;
						ProvisioningStyle = Automatic;
					};
				};
			};
			buildConfigurationList = 2818434A1DFF39E7004F7657 /* Build configuration list for PBXProject "Permanent Data Storage" */;
			compatibilityVersion = "Xcode 3.2";
			developmentRegion = English;
			hasScannedForEncodings = 0;
			knownRegions = (
				en,
				Base,
			);
			mainGroup = 281843461DFF39E7004F7657;
			productRefGroup = 281843501DFF39E7004F7657 /* Products */;
			projectDirPath = "";
			projectRoot = "";
			targets = (
				2818434E1DFF39E7004F7657 /* Permanent Data Storage */,
			);
		};
/* End PBXProject section */

/* Begin PBXResourcesBuildPhase section */
		2818434D1DFF39E7004F7657 /* Resources */ = {
			isa = PBXResourcesBuildPhase;
			buildActionMask = 2147483647;
			files = (
				2818435D1DFF39E8004F7657 /* LaunchScreen.storyboard in Resources */,
				2818435A1DFF39E8004F7657 /* Assets.xcassets in Resources */,
				281843581DFF39E8004F7657 /* Main.storyboard in Resources */,
			);
			runOnlyForDeploymentPostprocessing = 0;
		};
/* End PBXResourcesBuildPhase section */

/* Begin PBXSourcesBuildPhase section */
		2818434B1DFF39E7004F7657 /* Sources */ = {
			isa = PBXSourcesBuildPhase;
			buildActionMask = 2147483647;
			files = (
				281843551DFF39E8004F7657 /* ViewController.swift in Sources */,
				281843531DFF39E8004F7657 /* AppDelegate.swift in Sources */,
			);
			runOnlyForDeploymentPostprocessing = 0;
		};
/* End PBXSourcesBuildPhase section */

/* Begin PBXVariantGroup section */
		281843561DFF39E8004F7657 /* Main.storyboard */ = {
			isa = PBXVariantGroup;
			children = (
				281843571DFF39E8004F7657 /* Base */,
			);
			name = Main.storyboard;
			sourceTree = "<group>";
		};
		2818435B1DFF39E8004F7657 /* LaunchScreen.storyboard */ = {
			isa = PBXVariantGroup;
			children = (
				2818435C1DFF39E8004F7657 /* Base */,
			);
			name = LaunchScreen.storyboard;
			sourceTree = "<group>";
		};
/* End PBXVariantGroup section */

/* Begin XCBuildConfiguration section */
		2818435F1DFF39E8004F7657 /* Debug */ = {
			isa = XCBuildConfiguration;
			buildSettings = {
				ALWAYS_SEARCH_USER_PATHS = NO;
				CLANG_ANALYZER_NONNULL = YES;
				CLANG_CXX_LANGUAGE_STANDARD = "gnu++0x";
				CLANG_CXX_LIBRARY = "libc++";
				CLANG_ENABLE_MODULES = YES;
				CLANG_ENABLE_OBJC_ARC = YES;
				CLANG_WARN_BOOL_CONVERSION = YES;
				CLANG_WARN_CONSTANT_CONVERSION = YES;
				CLANG_WARN_DIRECT_OBJC_ISA_USAGE = YES_ERROR;
				CLANG_WARN_DOCUMENTATION_COMMENTS = YES;
				CLANG_WARN_EMPTY_BODY = YES;
				CLANG_WARN_ENUM_CONVERSION = YES;
				CLANG_WARN_INFINITE_RECURSION = YES;
				CLANG_WARN_INT_CONVERSION = YES;
				CLANG_WARN_OBJC_ROOT_CLASS = YES_ERROR;
				CLANG_WARN_SUSPICIOUS_MOVES = YES;
				CLANG_WARN_UNREACHABLE_CODE = YES;
				CLANG_WARN__DUPLICATE_METHOD_MATCH = YES;
				"CODE_SIGN_IDENTITY[sdk=iphoneos*]" = "iPhone Developer";
				COPY_PHASE_STRIP = NO;
				DEBUG_INFORMATION_FORMAT = dwarf;
				ENABLE_STRICT_OBJC_MSGSEND = YES;
				ENABLE_TESTABILITY = YES;
				GCC_C_LANGUAGE_STANDARD = gnu99;
				GCC_DYNAMIC_NO_PIC = NO;
				GCC_NO_COMMON_BLOCKS = YES;
				GCC_OPTIMIZATION_LEVEL = 0;
				GCC_PREPROCESSOR_DEFINITIONS = (
					"DEBUG=1",
					"$(inherited)",
				);
				GCC_WARN_64_TO_32_BIT_CONVERSION = YES;
				GCC_WARN_ABOUT_RETURN_TYPE = YES_ERROR;
				GCC_WARN_UNDECLARED_SELECTOR = YES;
				GCC_WARN_UNINITIALIZED_AUTOS = YES_AGGRESSIVE;
				GCC_WARN_UNUSED_FUNCTION = YES;
				GCC_WARN_UNUSED_VARIABLE = YES;
				IPHONEOS_DEPLOYMENT_TARGET = 10.1;
				MTL_ENABLE_DEBUG_INFO = YES;
				ONLY_ACTIVE_ARCH = YES;
				SDKROOT = iphoneos;
				SWIFT_ACTIVE_COMPILATION_CONDITIONS = DEBUG;
				SWIFT_OPTIMIZATION_LEVEL = "-Onone";
			};
			name = Debug;
		};
		281843601DFF39E8004F7657 /* Release */ = {
			isa = XCBuildConfiguration;
			buildSettings = {
				ALWAYS_SEARCH_USER_PATHS = NO;
				CLANG_ANALYZER_NONNULL = YES;
				CLANG_CXX_LANGUAGE_STANDARD = "gnu++0x";
				CLANG_CXX_LIBRARY = "libc++";
				CLANG_ENABLE_MODULES = YES;
				CLANG_ENABLE_OBJC_ARC = YES;
				CLANG_WARN_BOOL_CONVERSION = YES;
				CLANG_WARN_CONSTANT_CONVERSION = YES;
				CLANG_WARN_DIRECT_OBJC_ISA_USAGE = YES_ERROR;
				CLANG_WARN_DOCUMENTATION_COMMENTS = YES;
				CLANG_WARN_EMPTY_BODY = YES;
				CLANG_WARN_ENUM_CONVERSION = YES;
				CLANG_WARN_INFINITE_RECURSION = YES;
				CLANG_WARN_INT_CONVERSION = YES;
				CLANG_WARN_OBJC_ROOT_CLASS = YES_ERROR;
				CLANG_WARN_SUSPICIOUS_MOVES = YES;
				CLANG_WARN_UNREACHABLE_CODE = YES;
				CLANG_WARN__DUPLICATE_METHOD_MATCH = YES;
				"CODE_SIGN_IDENTITY[sdk=iphoneos*]" = "iPhone Developer";
				COPY_PHASE_STRIP = NO;
				DEBUG_INFORMATION_FORMAT = "dwarf-with-dsym";
				ENABLE_NS_ASSERTIONS = NO;
				ENABLE_STRICT_OBJC_MSGSEND = YES;
				GCC_C_LANGUAGE_STANDARD = gnu99;
				GCC_NO_COMMON_BLOCKS = YES;
				GCC_WARN_64_TO_32_BIT_CONVERSION = YES;
				GCC_WARN_ABOUT_RETURN_TYPE = YES_ERROR;
				GCC_WARN_UNDECLARED_SELECTOR = YES;
				GCC_WARN_UNINITIALIZED_AUTOS = YES_AGGRESSIVE;
				GCC_WARN_UNUSED_FUNCTION = YES;
				GCC_WARN_UNUSED_VARIABLE = YES;
				IPHONEOS_DEPLOYMENT_TARGET = 10.1;
				MTL_ENABLE_DEBUG_INFO = NO;
				SDKROOT = iphoneos;
				SWIFT_OPTIMIZATION_LEVEL = "-Owholemodule";
				VALIDATE_PRODUCT = YES;
			};
			name = Release;
		};
		281843621DFF39E8004F7657 /* Debug */ = {
			isa = XCBuildConfiguration;
			buildSettings = {
				ASSETCATALOG_COMPILER_APPICON_NAME = AppIcon;
				INFOPLIST_FILE = "Permanent Data Storage/Info.plist";
				LD_RUNPATH_SEARCH_PATHS = "$(inherited) @executable_path/Frameworks";
				PRODUCT_BUNDLE_IDENTIFIER = "iFirebrand.Permanent-Data-Storage";
				PRODUCT_NAME = "$(TARGET_NAME)";
				SWIFT_VERSION = 3.0;
			};
			name = Debug;
		};
		281843631DFF39E8004F7657 /* Release */ = {
			isa = XCBuildConfiguration;
			buildSettings = {
				ASSETCATALOG_COMPILER_APPICON_NAME = AppIcon;
				INFOPLIST_FILE = "Permanent Data Storage/Info.plist";
				LD_RUNPATH_SEARCH_PATHS = "$(inherited) @executable_path/Frameworks";
				PRODUCT_BUNDLE_IDENTIFIER = "iFirebrand.Permanent-Data-Storage";
				PRODUCT_NAME = "$(TARGET_NAME)";
				SWIFT_VERSION = 3.0;
			};
			name = Release;
		};
/* End XCBuildConfiguration section */

/* Begin XCConfigurationList section */
		2818434A1DFF39E7004F7657 /* Build configuration list for PBXProject "Permanent Data Storage" */ = {
			isa = XCConfigurationList;
			buildConfigurations = (
				2818435F1DFF39E8004F7657 /* Debug */,
				281843601DFF39E8004F7657 /* Release */,
			);
			defaultConfigurationIsVisible = 0;
			defaultConfigurationName = Release;
		};
		281843611DFF39E8004F7657 /* Build configuration list for PBXNativeTarget "Permanent Data Storage" */ = {
			isa = XCConfigurationList;
			buildConfigurations = (
				281843621DFF39E8004F7657 /* Debug */,
				281843631DFF39E8004F7657 /* Release */,
			);
			defaultConfigurationIsVisible = 0;
		};
/* End XCConfigurationList section */
	};
	rootObject = 281843471DFF39E7004F7657 /* Project object */;
}
