// !$*UTF8*$!
{
	archiveVersion = 1;
	classes = {
	};
	objectVersion = 46;
	objects = {

/* Begin PBXBuildFile section */
		288C51DE1E0C6C7B00A6B466 /* AppDelegate.swift in Sources */ = {isa = PBXBuildFile; fileRef = 288C51DD1E0C6C7B00A6B466 /* AppDelegate.swift */; };
		288C51E11E0C6C7B00A6B466 /* Blog_Reader.xcdatamodeld in Sources */ = {isa = PBXBuildFile; fileRef = 288C51DF1E0C6C7B00A6B466 /* Blog_Reader.xcdatamodeld */; };
		288C51E31E0C6C7B00A6B466 /* MasterViewController.swift in Sources */ = {isa = PBXBuildFile; fileRef = 288C51E21E0C6C7B00A6B466 /* MasterViewController.swift */; };
		288C51E51E0C6C7B00A6B466 /* DetailViewController.swift in Sources */ = {isa = PBXBuildFile; fileRef = 288C51E41E0C6C7B00A6B466 /* DetailViewController.swift */; };
		288C51E81E0C6C7B00A6B466 /* Main.storyboard in Resources */ = {isa = PBXBuildFile; fileRef = 288C51E61E0C6C7B00A6B466 /* Main.storyboard */; };
		288C51EA1E0C6C7B00A6B466 /* Assets.xcassets in Resources */ = {isa = PBXBuildFile; fileRef = 288C51E91E0C6C7B00A6B466 /* Assets.xcassets */; };
		288C51ED1E0C6C7B00A6B466 /* LaunchScreen.storyboard in Resources */ = {isa = PBXBuildFile; fileRef = 288C51EB1E0C6C7B00A6B466 /* LaunchScreen.storyboard */; };
/* End PBXBuildFile section */

/* Begin PBXFileReference section */
		288C51DA1E0C6C7B00A6B466 /* Blog Reader.app */ = {isa = PBXFileReference; explicitFileType = wrapper.application; includeInIndex = 0; path = "Blog Reader.app"; sourceTree = BUILT_PRODUCTS_DIR; };
		288C51DD1E0C6C7B00A6B466 /* AppDelegate.swift */ = {isa = PBXFileReference; lastKnownFileType = sourcecode.swift; path = AppDelegate.swift; sourceTree = "<group>"; };
		288C51E01E0C6C7B00A6B466 /* Blog_Reader.xcdatamodel */ = {isa = PBXFileReference; lastKnownFileType = wrapper.xcdatamodel; path = Blog_Reader.xcdatamodel; sourceTree = "<group>"; };
		288C51E21E0C6C7B00A6B466 /* MasterViewController.swift */ = {isa = PBXFileReference; lastKnownFileType = sourcecode.swift; path = MasterViewController.swift; sourceTree = "<group>"; };
		288C51E41E0C6C7B00A6B466 /* DetailViewController.swift */ = {isa = PBXFileReference; lastKnownFileType = sourcecode.swift; path = DetailViewController.swift; sourceTree = "<group>"; };
		288C51E71E0C6C7B00A6B466 /* Base */ = {isa = PBXFileReference; lastKnownFileType = file.storyboard; name = Base; path = Base.lproj/Main.storyboard; sourceTree = "<group>"; };
		288C51E91E0C6C7B00A6B466 /* Assets.xcassets */ = {isa = PBXFileReference; lastKnownFileType = folder.assetcatalog; path = Assets.xcassets; sourceTree = "<group>"; };
		288C51EC1E0C6C7B00A6B466 /* Base */ = {isa = PBXFileReference; lastKnownFileType = file.storyboard; name = Base; path = Base.lproj/LaunchScreen.storyboard; sourceTree = "<group>"; };
		288C51EE1E0C6C7B00A6B466 /* Info.plist */ = {isa = PBXFileReference; lastKnownFileType = text.plist.xml; path = Info.plist; sourceTree = "<group>"; };
/* End PBXFileReference section */

/* Begin PBXFrameworksBuildPhase section */
		288C51D71E0C6C7B00A6B466 /* Frameworks */ = {
			isa = PBXFrameworksBuildPhase;
			buildActionMask = 2147483647;
			files = (
			);
			runOnlyForDeploymentPostprocessing = 0;
		};
/* End PBXFrameworksBuildPhase section */

/* Begin PBXGroup section */
		288C51D11E0C6C7B00A6B466 = {
			isa = PBXGroup;
			children = (
				288C51DC1E0C6C7B00A6B466 /* Blog Reader */,
				288C51DB1E0C6C7B00A6B466 /* Products */,
			);
			sourceTree = "<group>";
		};
		288C51DB1E0C6C7B00A6B466 /* Products */ = {
			isa = PBXGroup;
			children = (
				288C51DA1E0C6C7B00A6B466 /* Blog Reader.app */,
			);
			name = Products;
			sourceTree = "<group>";
		};
		288C51DC1E0C6C7B00A6B466 /* Blog Reader */ = {
			isa = PBXGroup;
			children = (
				288C51DD1E0C6C7B00A6B466 /* AppDelegate.swift */,
				288C51E21E0C6C7B00A6B466 /* MasterViewController.swift */,
				288C51E41E0C6C7B00A6B466 /* DetailViewController.swift */,
				288C51E61E0C6C7B00A6B466 /* Main.storyboard */,
				288C51E91E0C6C7B00A6B466 /* Assets.xcassets */,
				288C51EB1E0C6C7B00A6B466 /* LaunchScreen.storyboard */,
				288C51EE1E0C6C7B00A6B466 /* Info.plist */,
				288C51DF1E0C6C7B00A6B466 /* Blog_Reader.xcdatamodeld */,
			);
			path = "Blog Reader";
			sourceTree = "<group>";
		};
/* End PBXGroup section */

/* Begin PBXNativeTarget section */
		288C51D91E0C6C7B00A6B466 /* Blog Reader */ = {
			isa = PBXNativeTarget;
			buildConfigurationList = 288C51F11E0C6C7B00A6B466 /* Build configuration list for PBXNativeTarget "Blog Reader" */;
			buildPhases = (
				288C51D61E0C6C7B00A6B466 /* Sources */,
				288C51D71E0C6C7B00A6B466 /* Frameworks */,
				288C51D81E0C6C7B00A6B466 /* Resources */,
			);
			buildRules = (
			);
			dependencies = (
			);
			name = "Blog Reader";
			productName = "Blog Reader";
			productReference = 288C51DA1E0C6C7B00A6B466 /* Blog Reader.app */;
			productType = "com.apple.product-type.application";
		};
/* End PBXNativeTarget section */

/* Begin PBXProject section */
		288C51D21E0C6C7B00A6B466 /* Project object */ = {
			isa = PBXProject;
			attributes = {
				LastSwiftUpdateCheck = 0820;
				LastUpgradeCheck = 0820;
				ORGANIZATIONNAME = Constantin;
				TargetAttributes = {
					288C51D91E0C6C7B00A6B466 = {
						CreatedOnToolsVersion = 8.2;
						ProvisioningStyle = Automatic;
					};
				};
			};
			buildConfigurationList = 288C51D51E0C6C7B00A6B466 /* Build configuration list for PBXProject "Blog Reader" */;
			compatibilityVersion = "Xcode 3.2";
			developmentRegion = English;
			hasScannedForEncodings = 0;
			knownRegions = (
				en,
				Base,
			);
			mainGroup = 288C51D11E0C6C7B00A6B466;
			productRefGroup = 288C51DB1E0C6C7B00A6B466 /* Products */;
			projectDirPath = "";
			projectRoot = "";
			targets = (
				288C51D91E0C6C7B00A6B466 /* Blog Reader */,
			);
		};
/* End PBXProject section */

/* Begin PBXResourcesBuildPhase section */
		288C51D81E0C6C7B00A6B466 /* Resources */ = {
			isa = PBXResourcesBuildPhase;
			buildActionMask = 2147483647;
			files = (
				288C51ED1E0C6C7B00A6B466 /* LaunchScreen.storyboard in Resources */,
				288C51EA1E0C6C7B00A6B466 /* Assets.xcassets in Resources */,
				288C51E81E0C6C7B00A6B466 /* Main.storyboard in Resources */,
			);
			runOnlyForDeploymentPostprocessing = 0;
		};
/* End PBXResourcesBuildPhase section */

/* Begin PBXSourcesBuildPhase section */
		288C51D61E0C6C7B00A6B466 /* Sources */ = {
			isa = PBXSourcesBuildPhase;
			buildActionMask = 2147483647;
			files = (
				288C51E11E0C6C7B00A6B466 /* Blog_Reader.xcdatamodeld in Sources */,
				288C51DE1E0C6C7B00A6B466 /* AppDelegate.swift in Sources */,
				288C51E31E0C6C7B00A6B466 /* MasterViewController.swift in Sources */,
				288C51E51E0C6C7B00A6B466 /* DetailViewController.swift in Sources */,
			);
			runOnlyForDeploymentPostprocessing = 0;
		};
/* End PBXSourcesBuildPhase section */

/* Begin PBXVariantGroup section */
		288C51E61E0C6C7B00A6B466 /* Main.storyboard */ = {
			isa = PBXVariantGroup;
			children = (
				288C51E71E0C6C7B00A6B466 /* Base */,
			);
			name = Main.storyboard;
			sourceTree = "<group>";
		};
		288C51EB1E0C6C7B00A6B466 /* LaunchScreen.storyboard */ = {
			isa = PBXVariantGroup;
			children = (
				288C51EC1E0C6C7B00A6B466 /* Base */,
			);
			name = LaunchScreen.storyboard;
			sourceTree = "<group>";
		};
/* End PBXVariantGroup section */

/* Begin XCBuildConfiguration section */
		288C51EF1E0C6C7B00A6B466 /* Debug */ = {
			isa = XCBuildConfiguration;
			buildSettings = {
				ALWAYS_SEARCH_USER_PATHS = NO;
				CLANG_ANALYZER_NONNULL = YES;
				CLANG_CXX_LANGUAGE_STANDARD = "gnu++0x";
				CLANG_CXX_LIBRARY = "libc++";
				CLANG_ENABLE_MODULES = YES;
				CLANG_ENABLE_OBJC_ARC = YES;
				CLANG_WARN_BOOL_CONVERSION = YES;
				CLANG_WARN_CONSTANT_CONVERSION = YES;
				CLANG_WARN_DIRECT_OBJC_ISA_USAGE = YES_ERROR;
				CLANG_WARN_DOCUMENTATION_COMMENTS = YES;
				CLANG_WARN_EMPTY_BODY = YES;
				CLANG_WARN_ENUM_CONVERSION = YES;
				CLANG_WARN_INFINITE_RECURSION = YES;
				CLANG_WARN_INT_CONVERSION = YES;
				CLANG_WARN_OBJC_ROOT_CLASS = YES_ERROR;
				CLANG_WARN_SUSPICIOUS_MOVE = YES;
				CLANG_WARN_UNREACHABLE_CODE = YES;
				CLANG_WARN__DUPLICATE_METHOD_MATCH = YES;
				"CODE_SIGN_IDENTITY[sdk=iphoneos*]" = "iPhone Developer";
				COPY_PHASE_STRIP = NO;
				DEBUG_INFORMATION_FORMAT = dwarf;
				ENABLE_STRICT_OBJC_MSGSEND = YES;
				ENABLE_TESTABILITY = YES;
				GCC_C_LANGUAGE_STANDARD = gnu99;
				GCC_DYNAMIC_NO_PIC = NO;
				GCC_NO_COMMON_BLOCKS = YES;
				GCC_OPTIMIZATION_LEVEL = 0;
				GCC_PREPROCESSOR_DEFINITIONS = (
					"DEBUG=1",
					"$(inherited)",
				);
				GCC_WARN_64_TO_32_BIT_CONVERSION = YES;
				GCC_WARN_ABOUT_RETURN_TYPE = YES_ERROR;
				GCC_WARN_UNDECLARED_SELECTOR = YES;
				GCC_WARN_UNINITIALIZED_AUTOS = YES_AGGRESSIVE;
				GCC_WARN_UNUSED_FUNCTION = YES;
				GCC_WARN_UNUSED_VARIABLE = YES;
				IPHONEOS_DEPLOYMENT_TARGET = 10.2;
				MTL_ENABLE_DEBUG_INFO = YES;
				ONLY_ACTIVE_ARCH = YES;
				SDKROOT = iphoneos;
				SWIFT_ACTIVE_COMPILATION_CONDITIONS = DEBUG;
				SWIFT_OPTIMIZATION_LEVEL = "-Onone";
			};
			name = Debug;
		};
		288C51F01E0C6C7B00A6B466 /* Release */ = {
			isa = XCBuildConfiguration;
			buildSettings = {
				ALWAYS_SEARCH_USER_PATHS = NO;
				CLANG_ANALYZER_NONNULL = YES;
				CLANG_CXX_LANGUAGE_STANDARD = "gnu++0x";
				CLANG_CXX_LIBRARY = "libc++";
				CLANG_ENABLE_MODULES = YES;
				CLANG_ENABLE_OBJC_ARC = YES;
				CLANG_WARN_BOOL_CONVERSION = YES;
				CLANG_WARN_CONSTANT_CONVERSION = YES;
				CLANG_WARN_DIRECT_OBJC_ISA_USAGE = YES_ERROR;
				CLANG_WARN_DOCUMENTATION_COMMENTS = YES;
				CLANG_WARN_EMPTY_BODY = YES;
				CLANG_WARN_ENUM_CONVERSION = YES;
				CLANG_WARN_INFINITE_RECURSION = YES;
				CLANG_WARN_INT_CONVERSION = YES;
				CLANG_WARN_OBJC_ROOT_CLASS = YES_ERROR;
				CLANG_WARN_SUSPICIOUS_MOVE = YES;
				CLANG_WARN_UNREACHABLE_CODE = YES;
				CLANG_WARN__DUPLICATE_METHOD_MATCH = YES;
				"CODE_SIGN_IDENTITY[sdk=iphoneos*]" = "iPhone Developer";
				COPY_PHASE_STRIP = NO;
				DEBUG_INFORMATION_FORMAT = "dwarf-with-dsym";
				ENABLE_NS_ASSERTIONS = NO;
				ENABLE_STRICT_OBJC_MSGSEND = YES;
				GCC_C_LANGUAGE_STANDARD = gnu99;
				GCC_NO_COMMON_BLOCKS = YES;
				GCC_WARN_64_TO_32_BIT_CONVERSION = YES;
				GCC_WARN_ABOUT_RETURN_TYPE = YES_ERROR;
				GCC_WARN_UNDECLARED_SELECTOR = YES;
				GCC_WARN_UNINITIALIZED_AUTOS = YES_AGGRESSIVE;
				GCC_WARN_UNUSED_FUNCTION = YES;
				GCC_WARN_UNUSED_VARIABLE = YES;
				IPHONEOS_DEPLOYMENT_TARGET = 10.2;
				MTL_ENABLE_DEBUG_INFO = NO;
				SDKROOT = iphoneos;
				SWIFT_OPTIMIZATION_LEVEL = "-Owholemodule";
				VALIDATE_PRODUCT = YES;
			};
			name = Release;
		};
		288C51F21E0C6C7B00A6B466 /* Debug */ = {
			isa = XCBuildConfiguration;
			buildSettings = {
				ASSETCATALOG_COMPILER_APPICON_NAME = AppIcon;
				INFOPLIST_FILE = "Blog Reader/Info.plist";
				LD_RUNPATH_SEARCH_PATHS = "$(inherited) @executable_path/Frameworks";
				PRODUCT_BUNDLE_IDENTIFIER = "iFirebrand.Blog-Reader";
				PRODUCT_NAME = "$(TARGET_NAME)";
				SWIFT_VERSION = 3.0;
			};
			name = Debug;
		};
		288C51F31E0C6C7B00A6B466 /* Release */ = {
			isa = XCBuildConfiguration;
			buildSettings = {
				ASSETCATALOG_COMPILER_APPICON_NAME = AppIcon;
				INFOPLIST_FILE = "Blog Reader/Info.plist";
				LD_RUNPATH_SEARCH_PATHS = "$(inherited) @executable_path/Frameworks";
				PRODUCT_BUNDLE_IDENTIFIER = "iFirebrand.Blog-Reader";
				PRODUCT_NAME = "$(TARGET_NAME)";
				SWIFT_VERSION = 3.0;
			};
			name = Release;
		};
/* End XCBuildConfiguration section */

/* Begin XCConfigurationList section */
		288C51D51E0C6C7B00A6B466 /* Build configuration list for PBXProject "Blog Reader" */ = {
			isa = XCConfigurationList;
			buildConfigurations = (
				288C51EF1E0C6C7B00A6B466 /* Debug */,
				288C51F01E0C6C7B00A6B466 /* Release */,
			);
			defaultConfigurationIsVisible = 0;
			defaultConfigurationName = Release;
		};
		288C51F11E0C6C7B00A6B466 /* Build configuration list for PBXNativeTarget "Blog Reader" */ = {
			isa = XCConfigurationList;
			buildConfigurations = (
				288C51F21E0C6C7B00A6B466 /* Debug */,
				288C51F31E0C6C7B00A6B466 /* Release */,
			);
			defaultConfigurationIsVisible = 0;
		};
/* End XCConfigurationList section */

/* Begin XCVersionGroup section */
		288C51DF1E0C6C7B00A6B466 /* Blog_Reader.xcdatamodeld */ = {
			isa = XCVersionGroup;
			children = (
				288C51E01E0C6C7B00A6B466 /* Blog_Reader.xcdatamodel */,
			);
			currentVersion = 288C51E01E0C6C7B00A6B466 /* Blog_Reader.xcdatamodel */;
			path = Blog_Reader.xcdatamodeld;
			sourceTree = "<group>";
			versionGroupType = wrapper.xcdatamodel;
		};
/* End XCVersionGroup section */
	};
	rootObject = 288C51D21E0C6C7B00A6B466 /* Project object */;
}
